
Microsoft Visual Studio Solution File, Format Version 12.00
# Visual Studio Version 16
VisualStudioVersion = 16.0.30114.105
MinimumVisualStudioVersion = 10.0.40219.1
Project("{2150E333-8FDC-42A3-9474-1A3956D46DE8}") = "ApiGateways", "ApiGateways", "{ADB77C0D-074B-49DB-9A77-20732200D709}"
EndProject
Project("{FAE04EC0-301F-11D3-BF4B-00C04F79EFBC}") = "OCELOT", "ApiGateways\OCELOT\OCELOT.csproj", "{A29365B6-E1C1-4B23-9E71-70EE44819526}"
EndProject
Project("{FAE04EC0-301F-11D3-BF4B-00C04F79EFBC}") = "AGGREGATOR", "ApiGateways\AGGREGATOR\AGGREGATOR.csproj", "{252EE42A-5848-4547-9573-D59299920337}"
EndProject
Project("{2150E333-8FDC-42A3-9474-1A3956D46DE8}") = "Cart", "Cart", "{BDCBA05C-9BFF-4691-BF88-C65BD40FE0D1}"
EndProject
Project("{FAE04EC0-301F-11D3-BF4B-00C04F79EFBC}") = "Cart.API", "Cart\Cart.API\Cart.API.csproj", "{FB51D8E4-746C-4BA2-9D79-45C24F4BBE69}"
EndProject
Project("{FAE04EC0-301F-11D3-BF4B-00C04F79EFBC}") = "Cart.Application", "Cart\Cart.Application\Cart.Application.csproj", "{89BF6452-062D-4C4A-AEAE-9B94AD0A2B08}"
EndProject
Project("{FAE04EC0-301F-11D3-BF4B-00C04F79EFBC}") = "Cart.Infrastructure", "Cart\Cart.Infrastructure\Cart.Infrastructure.csproj", "{6AFB3493-EBC8-4336-873D-15BD6E3DF433}"
EndProject
Project("{FAE04EC0-301F-11D3-BF4B-00C04F79EFBC}") = "Cart.Domain", "Cart\Cart.Domain\Cart.Domain.csproj", "{03752C65-0871-4D11-9B39-9E1E7B175E02}"
EndProject
Project("{2150E333-8FDC-42A3-9474-1A3956D46DE8}") = "Catalog", "Catalog", "{DC1E5A20-EE2A-407F-9196-053ED3568D51}"
EndProject
Project("{FAE04EC0-301F-11D3-BF4B-00C04F79EFBC}") = "Catalog.API", "Catalog\Catalog.API\Catalog.API.csproj", "{FAF8E47E-A6B7-455F-A5B8-E4E195B12F14}"
EndProject
Project("{FAE04EC0-301F-11D3-BF4B-00C04F79EFBC}") = "Catalog.DAL", "Catalog\Catalog.DAL\Catalog.DAL.csproj", "{CAD8B506-EBA6-47C0-A460-1D87E5DF1C40}"
EndProject
Project("{FAE04EC0-301F-11D3-BF4B-00C04F79EFBC}") = "Catalog.BLL", "Catalog\Catalog.BLL\Catalog.BLL.csproj", "{DA230897-65EB-4167-BCBC-BF81D80B8170}"
EndProject
Project("{2150E333-8FDC-42A3-9474-1A3956D46DE8}") = "Discount", "Discount", "{0F69777D-C15F-464E-BFE2-F423CF12C5E6}"
EndProject
Project("{FAE04EC0-301F-11D3-BF4B-00C04F79EFBC}") = "Discount.API", "Discount\Discount.API\Discount.API.csproj", "{2E5DA08D-5C4B-49B2-AF97-58980D352A15}"
EndProject
Project("{FAE04EC0-301F-11D3-BF4B-00C04F79EFBC}") = "Discount.DAL", "Discount\Discount.DAL\Discount.DAL.csproj", "{D6AD5114-53D5-4471-8694-DE64A9CC3FD5}"
EndProject
Project("{FAE04EC0-301F-11D3-BF4B-00C04F79EFBC}") = "Discount.BLL", "Discount\Discount.BLL\Discount.BLL.csproj", "{2B42676D-E24F-450F-9E07-29C229BC2E42}"
EndProject
Project("{2150E333-8FDC-42A3-9474-1A3956D46DE8}") = "FileStorage", "FileStorage", "{CA9662CA-BD4B-4D9D-89EB-3A359F7D8263}"
EndProject
Project("{FAE04EC0-301F-11D3-BF4B-00C04F79EFBC}") = "FileStorage.API", "FileStorage\FileStorage.API\FileStorage.API.csproj", "{9631911D-E07D-4602-9CFC-C3979FBFA2B3}"
EndProject
Project("{FAE04EC0-301F-11D3-BF4B-00C04F79EFBC}") = "FileStorage.DAL", "FileStorage\FileStorage.DAL\FileStorage.DAL.csproj", "{601544C1-2660-421B-BA00-7C030BFF477B}"
EndProject
Project("{FAE04EC0-301F-11D3-BF4B-00C04F79EFBC}") = "FileStorage.BLL", "FileStorage\FileStorage.BLL\FileStorage.BLL.csproj", "{B5577F56-9654-4D8E-BA93-DED224DC2BBB}"
EndProject
Project("{2150E333-8FDC-42A3-9474-1A3956D46DE8}") = "Identity", "Identity", "{9148B658-B7F8-4FEE-8E08-356FA3DE218D}"
EndProject
Project("{FAE04EC0-301F-11D3-BF4B-00C04F79EFBC}") = "IdentityServer", "Identity\IdentityServer\IdentityServer.csproj", "{AB448951-9FEC-4F98-ACBD-D89D2134E64C}"
EndProject
Project("{2150E333-8FDC-42A3-9474-1A3956D46DE8}") = "Order", "Order", "{814AFBBE-ECD1-432D-B0B9-80BCEF5BF1C6}"
EndProject
Project("{FAE04EC0-301F-11D3-BF4B-00C04F79EFBC}") = "Order.API", "Order\Order.API\Order.API.csproj", "{91853AB2-4EB9-4B31-B00F-63D7B352FCA4}"
EndProject
Project("{FAE04EC0-301F-11D3-BF4B-00C04F79EFBC}") = "Order.DAL", "Order\Order.DAL\Order.DAL.csproj", "{1BC664D8-8D5E-47A1-8834-40FBEF226787}"
EndProject
Project("{FAE04EC0-301F-11D3-BF4B-00C04F79EFBC}") = "Order.BLL", "Order\Order.BLL\Order.BLL.csproj", "{150BB167-A17E-4C05-A68E-568BE962CDEE}"
EndProject
Project("{2150E333-8FDC-42A3-9474-1A3956D46DE8}") = "User", "User", "{CBBA0402-78A6-45FF-8035-809D8AC5DE4B}"
EndProject
Project("{FAE04EC0-301F-11D3-BF4B-00C04F79EFBC}") = "User.API", "User\User.API\User.API.csproj", "{1CC71841-62C1-4734-B535-0B9FF3635F98}"
EndProject
Project("{FAE04EC0-301F-11D3-BF4B-00C04F79EFBC}") = "User.BLL", "User\User.BLL\User.BLL.csproj", "{1ED93F56-83A2-4D46-AD13-05ED7ABC4210}"
EndProject
Project("{FAE04EC0-301F-11D3-BF4B-00C04F79EFBC}") = "User.DAL", "User\User.DAL\User.DAL.csproj", "{B7420A24-07AE-4EEE-89DF-1D0868570313}"
EndProject
Project("{FAE04EC0-301F-11D3-BF4B-00C04F79EFBC}") = "MarxDtos", "MarxDtos\MarxDtos.csproj", "{9B510FA8-02C0-4DBE-99CB-510E16079FAD}"
EndProject
Global
	GlobalSection(SolutionConfigurationPlatforms) = preSolution
		Debug|Any CPU = Debug|Any CPU
		Release|Any CPU = Release|Any CPU
	EndGlobalSection
	GlobalSection(SolutionProperties) = preSolution
		HideSolutionNode = FALSE
	EndGlobalSection
	GlobalSection(ProjectConfigurationPlatforms) = postSolution
		{A29365B6-E1C1-4B23-9E71-70EE44819526}.Debug|Any CPU.ActiveCfg = Debug|Any CPU
		{A29365B6-E1C1-4B23-9E71-70EE44819526}.Debug|Any CPU.Build.0 = Debug|Any CPU
		{A29365B6-E1C1-4B23-9E71-70EE44819526}.Release|Any CPU.ActiveCfg = Release|Any CPU
		{A29365B6-E1C1-4B23-9E71-70EE44819526}.Release|Any CPU.Build.0 = Release|Any CPU
		{252EE42A-5848-4547-9573-D59299920337}.Debug|Any CPU.ActiveCfg = Debug|Any CPU
		{252EE42A-5848-4547-9573-D59299920337}.Debug|Any CPU.Build.0 = Debug|Any CPU
		{252EE42A-5848-4547-9573-D59299920337}.Release|Any CPU.ActiveCfg = Release|Any CPU
		{252EE42A-5848-4547-9573-D59299920337}.Release|Any CPU.Build.0 = Release|Any CPU
		{FB51D8E4-746C-4BA2-9D79-45C24F4BBE69}.Debug|Any CPU.ActiveCfg = Debug|Any CPU
		{FB51D8E4-746C-4BA2-9D79-45C24F4BBE69}.Debug|Any CPU.Build.0 = Debug|Any CPU
		{FB51D8E4-746C-4BA2-9D79-45C24F4BBE69}.Release|Any CPU.ActiveCfg = Release|Any CPU
		{FB51D8E4-746C-4BA2-9D79-45C24F4BBE69}.Release|Any CPU.Build.0 = Release|Any CPU
		{89BF6452-062D-4C4A-AEAE-9B94AD0A2B08}.Debug|Any CPU.ActiveCfg = Debug|Any CPU
		{89BF6452-062D-4C4A-AEAE-9B94AD0A2B08}.Debug|Any CPU.Build.0 = Debug|Any CPU
		{89BF6452-062D-4C4A-AEAE-9B94AD0A2B08}.Release|Any CPU.ActiveCfg = Release|Any CPU
		{89BF6452-062D-4C4A-AEAE-9B94AD0A2B08}.Release|Any CPU.Build.0 = Release|Any CPU
		{6AFB3493-EBC8-4336-873D-15BD6E3DF433}.Debug|Any CPU.ActiveCfg = Debug|Any CPU
		{6AFB3493-EBC8-4336-873D-15BD6E3DF433}.Debug|Any CPU.Build.0 = Debug|Any CPU
		{6AFB3493-EBC8-4336-873D-15BD6E3DF433}.Release|Any CPU.ActiveCfg = Release|Any CPU
		{6AFB3493-EBC8-4336-873D-15BD6E3DF433}.Release|Any CPU.Build.0 = Release|Any CPU
		{03752C65-0871-4D11-9B39-9E1E7B175E02}.Debug|Any CPU.ActiveCfg = Debug|Any CPU
		{03752C65-0871-4D11-9B39-9E1E7B175E02}.Debug|Any CPU.Build.0 = Debug|Any CPU
		{03752C65-0871-4D11-9B39-9E1E7B175E02}.Release|Any CPU.ActiveCfg = Release|Any CPU
		{03752C65-0871-4D11-9B39-9E1E7B175E02}.Release|Any CPU.Build.0 = Release|Any CPU
		{FAF8E47E-A6B7-455F-A5B8-E4E195B12F14}.Debug|Any CPU.ActiveCfg = Debug|Any CPU
		{FAF8E47E-A6B7-455F-A5B8-E4E195B12F14}.Debug|Any CPU.Build.0 = Debug|Any CPU
		{FAF8E47E-A6B7-455F-A5B8-E4E195B12F14}.Release|Any CPU.ActiveCfg = Release|Any CPU
		{FAF8E47E-A6B7-455F-A5B8-E4E195B12F14}.Release|Any CPU.Build.0 = Release|Any CPU
		{CAD8B506-EBA6-47C0-A460-1D87E5DF1C40}.Debug|Any CPU.ActiveCfg = Debug|Any CPU
		{CAD8B506-EBA6-47C0-A460-1D87E5DF1C40}.Debug|Any CPU.Build.0 = Debug|Any CPU
		{CAD8B506-EBA6-47C0-A460-1D87E5DF1C40}.Release|Any CPU.ActiveCfg = Release|Any CPU
		{CAD8B506-EBA6-47C0-A460-1D87E5DF1C40}.Release|Any CPU.Build.0 = Release|Any CPU
		{DA230897-65EB-4167-BCBC-BF81D80B8170}.Debug|Any CPU.ActiveCfg = Debug|Any CPU
		{DA230897-65EB-4167-BCBC-BF81D80B8170}.Debug|Any CPU.Build.0 = Debug|Any CPU
		{DA230897-65EB-4167-BCBC-BF81D80B8170}.Release|Any CPU.ActiveCfg = Release|Any CPU
		{DA230897-65EB-4167-BCBC-BF81D80B8170}.Release|Any CPU.Build.0 = Release|Any CPU
		{2E5DA08D-5C4B-49B2-AF97-58980D352A15}.Debug|Any CPU.ActiveCfg = Debug|Any CPU
		{2E5DA08D-5C4B-49B2-AF97-58980D352A15}.Debug|Any CPU.Build.0 = Debug|Any CPU
		{2E5DA08D-5C4B-49B2-AF97-58980D352A15}.Release|Any CPU.ActiveCfg = Release|Any CPU
		{2E5DA08D-5C4B-49B2-AF97-58980D352A15}.Release|Any CPU.Build.0 = Release|Any CPU
		{D6AD5114-53D5-4471-8694-DE64A9CC3FD5}.Debug|Any CPU.ActiveCfg = Debug|Any CPU
		{D6AD5114-53D5-4471-8694-DE64A9CC3FD5}.Debug|Any CPU.Build.0 = Debug|Any CPU
		{D6AD5114-53D5-4471-8694-DE64A9CC3FD5}.Release|Any CPU.ActiveCfg = Release|Any CPU
		{D6AD5114-53D5-4471-8694-DE64A9CC3FD5}.Release|Any CPU.Build.0 = Release|Any CPU
		{2B42676D-E24F-450F-9E07-29C229BC2E42}.Debug|Any CPU.ActiveCfg = Debug|Any CPU
		{2B42676D-E24F-450F-9E07-29C229BC2E42}.Debug|Any CPU.Build.0 = Debug|Any CPU
		{2B42676D-E24F-450F-9E07-29C229BC2E42}.Release|Any CPU.ActiveCfg = Release|Any CPU
		{2B42676D-E24F-450F-9E07-29C229BC2E42}.Release|Any CPU.Build.0 = Release|Any CPU
		{9631911D-E07D-4602-9CFC-C3979FBFA2B3}.Debug|Any CPU.ActiveCfg = Debug|Any CPU
		{9631911D-E07D-4602-9CFC-C3979FBFA2B3}.Debug|Any CPU.Build.0 = Debug|Any CPU
		{9631911D-E07D-4602-9CFC-C3979FBFA2B3}.Release|Any CPU.ActiveCfg = Release|Any CPU
		{9631911D-E07D-4602-9CFC-C3979FBFA2B3}.Release|Any CPU.Build.0 = Release|Any CPU
		{601544C1-2660-421B-BA00-7C030BFF477B}.Debug|Any CPU.ActiveCfg = Debug|Any CPU
		{601544C1-2660-421B-BA00-7C030BFF477B}.Debug|Any CPU.Build.0 = Debug|Any CPU
		{601544C1-2660-421B-BA00-7C030BFF477B}.Release|Any CPU.ActiveCfg = Release|Any CPU
		{601544C1-2660-421B-BA00-7C030BFF477B}.Release|Any CPU.Build.0 = Release|Any CPU
		{B5577F56-9654-4D8E-BA93-DED224DC2BBB}.Debug|Any CPU.ActiveCfg = Debug|Any CPU
		{B5577F56-9654-4D8E-BA93-DED224DC2BBB}.Debug|Any CPU.Build.0 = Debug|Any CPU
		{B5577F56-9654-4D8E-BA93-DED224DC2BBB}.Release|Any CPU.ActiveCfg = Release|Any CPU
		{B5577F56-9654-4D8E-BA93-DED224DC2BBB}.Release|Any CPU.Build.0 = Release|Any CPU
		{AB448951-9FEC-4F98-ACBD-D89D2134E64C}.Debug|Any CPU.ActiveCfg = Debug|Any CPU
		{AB448951-9FEC-4F98-ACBD-D89D2134E64C}.Debug|Any CPU.Build.0 = Debug|Any CPU
		{AB448951-9FEC-4F98-ACBD-D89D2134E64C}.Release|Any CPU.ActiveCfg = Release|Any CPU
		{AB448951-9FEC-4F98-ACBD-D89D2134E64C}.Release|Any CPU.Build.0 = Release|Any CPU
		{91853AB2-4EB9-4B31-B00F-63D7B352FCA4}.Debug|Any CPU.ActiveCfg = Debug|Any CPU
		{91853AB2-4EB9-4B31-B00F-63D7B352FCA4}.Debug|Any CPU.Build.0 = Debug|Any CPU
		{91853AB2-4EB9-4B31-B00F-63D7B352FCA4}.Release|Any CPU.ActiveCfg = Release|Any CPU
		{91853AB2-4EB9-4B31-B00F-63D7B352FCA4}.Release|Any CPU.Build.0 = Release|Any CPU
		{1BC664D8-8D5E-47A1-8834-40FBEF226787}.Debug|Any CPU.ActiveCfg = Debug|Any CPU
		{1BC664D8-8D5E-47A1-8834-40FBEF226787}.Debug|Any CPU.Build.0 = Debug|Any CPU
		{1BC664D8-8D5E-47A1-8834-40FBEF226787}.Release|Any CPU.ActiveCfg = Release|Any CPU
		{1BC664D8-8D5E-47A1-8834-40FBEF226787}.Release|Any CPU.Build.0 = Release|Any CPU
		{150BB167-A17E-4C05-A68E-568BE962CDEE}.Debug|Any CPU.ActiveCfg = Debug|Any CPU
		{150BB167-A17E-4C05-A68E-568BE962CDEE}.Debug|Any CPU.Build.0 = Debug|Any CPU
		{150BB167-A17E-4C05-A68E-568BE962CDEE}.Release|Any CPU.ActiveCfg = Release|Any CPU
		{150BB167-A17E-4C05-A68E-568BE962CDEE}.Release|Any CPU.Build.0 = Release|Any CPU
		{1CC71841-62C1-4734-B535-0B9FF3635F98}.Debug|Any CPU.ActiveCfg = Debug|Any CPU
		{1CC71841-62C1-4734-B535-0B9FF3635F98}.Debug|Any CPU.Build.0 = Debug|Any CPU
		{1CC71841-62C1-4734-B535-0B9FF3635F98}.Release|Any CPU.ActiveCfg = Release|Any CPU
		{1CC71841-62C1-4734-B535-0B9FF3635F98}.Release|Any CPU.Build.0 = Release|Any CPU
		{1ED93F56-83A2-4D46-AD13-05ED7ABC4210}.Debug|Any CPU.ActiveCfg = Debug|Any CPU
		{1ED93F56-83A2-4D46-AD13-05ED7ABC4210}.Debug|Any CPU.Build.0 = Debug|Any CPU
		{1ED93F56-83A2-4D46-AD13-05ED7ABC4210}.Release|Any CPU.ActiveCfg = Release|Any CPU
		{1ED93F56-83A2-4D46-AD13-05ED7ABC4210}.Release|Any CPU.Build.0 = Release|Any CPU
		{B7420A24-07AE-4EEE-89DF-1D0868570313}.Debug|Any CPU.ActiveCfg = Debug|Any CPU
		{B7420A24-07AE-4EEE-89DF-1D0868570313}.Debug|Any CPU.Build.0 = Debug|Any CPU
		{B7420A24-07AE-4EEE-89DF-1D0868570313}.Release|Any CPU.ActiveCfg = Release|Any CPU
		{B7420A24-07AE-4EEE-89DF-1D0868570313}.Release|Any CPU.Build.0 = Release|Any CPU
		{9B510FA8-02C0-4DBE-99CB-510E16079FAD}.Debug|Any CPU.ActiveCfg = Debug|Any CPU
		{9B510FA8-02C0-4DBE-99CB-510E16079FAD}.Debug|Any CPU.Build.0 = Debug|Any CPU
		{9B510FA8-02C0-4DBE-99CB-510E16079FAD}.Release|Any CPU.ActiveCfg = Release|Any CPU
		{9B510FA8-02C0-4DBE-99CB-510E16079FAD}.Release|Any CPU.Build.0 = Release|Any CPU
	EndGlobalSection
	GlobalSection(NestedProjects) = preSolution
		{A29365B6-E1C1-4B23-9E71-70EE44819526} = {ADB77C0D-074B-49DB-9A77-20732200D709}
		{252EE42A-5848-4547-9573-D59299920337} = {ADB77C0D-074B-49DB-9A77-20732200D709}
		{FB51D8E4-746C-4BA2-9D79-45C24F4BBE69} = {BDCBA05C-9BFF-4691-BF88-C65BD40FE0D1}
		{89BF6452-062D-4C4A-AEAE-9B94AD0A2B08} = {BDCBA05C-9BFF-4691-BF88-C65BD40FE0D1}
		{6AFB3493-EBC8-4336-873D-15BD6E3DF433} = {BDCBA05C-9BFF-4691-BF88-C65BD40FE0D1}
		{03752C65-0871-4D11-9B39-9E1E7B175E02} = {BDCBA05C-9BFF-4691-BF88-C65BD40FE0D1}
		{FAF8E47E-A6B7-455F-A5B8-E4E195B12F14} = {DC1E5A20-EE2A-407F-9196-053ED3568D51}
		{CAD8B506-EBA6-47C0-A460-1D87E5DF1C40} = {DC1E5A20-EE2A-407F-9196-053ED3568D51}
		{DA230897-65EB-4167-BCBC-BF81D80B8170} = {DC1E5A20-EE2A-407F-9196-053ED3568D51}
		{2E5DA08D-5C4B-49B2-AF97-58980D352A15} = {0F69777D-C15F-464E-BFE2-F423CF12C5E6}
		{D6AD5114-53D5-4471-8694-DE64A9CC3FD5} = {0F69777D-C15F-464E-BFE2-F423CF12C5E6}
		{2B42676D-E24F-450F-9E07-29C229BC2E42} = {0F69777D-C15F-464E-BFE2-F423CF12C5E6}
		{9631911D-E07D-4602-9CFC-C3979FBFA2B3} = {CA9662CA-BD4B-4D9D-89EB-3A359F7D8263}
		{601544C1-2660-421B-BA00-7C030BFF477B} = {CA9662CA-BD4B-4D9D-89EB-3A359F7D8263}
		{B5577F56-9654-4D8E-BA93-DED224DC2BBB} = {CA9662CA-BD4B-4D9D-89EB-3A359F7D8263}
		{AB448951-9FEC-4F98-ACBD-D89D2134E64C} = {9148B658-B7F8-4FEE-8E08-356FA3DE218D}
		{91853AB2-4EB9-4B31-B00F-63D7B352FCA4} = {814AFBBE-ECD1-432D-B0B9-80BCEF5BF1C6}
		{1BC664D8-8D5E-47A1-8834-40FBEF226787} = {814AFBBE-ECD1-432D-B0B9-80BCEF5BF1C6}
		{150BB167-A17E-4C05-A68E-568BE962CDEE} = {814AFBBE-ECD1-432D-B0B9-80BCEF5BF1C6}
		{1CC71841-62C1-4734-B535-0B9FF3635F98} = {CBBA0402-78A6-45FF-8035-809D8AC5DE4B}
		{1ED93F56-83A2-4D46-AD13-05ED7ABC4210} = {CBBA0402-78A6-45FF-8035-809D8AC5DE4B}
		{B7420A24-07AE-4EEE-89DF-1D0868570313} = {CBBA0402-78A6-45FF-8035-809D8AC5DE4B}
	EndGlobalSection
EndGlobal
