
Microsoft Visual Studio Solution File, Format Version 12.00
# Visual Studio Version 17
VisualStudioVersion = 17.1.32414.318
MinimumVisualStudioVersion = 10.0.40219.1
Project("{9A19103F-16F7-4668-BE54-9A1E7A4F7556}") = "mcgResourceAG", "mcgResourceAG.csproj", "{0F9C0D78-C867-4625-A2EA-C8D38F5D90B5}"
EndProject
Project("{FAE04EC0-301F-11D3-BF4B-00C04F79EFBC}") = "ResourceDAL", "ResourceDAL\ResourceDAL.csproj", "{F02E1282-4C99-4F18-8860-22A3DCF0D32D}"
EndProject
Global
	GlobalSection(SolutionConfigurationPlatforms) = preSolution
		Debug|Any CPU = Debug|Any CPU
		Release|Any CPU = Release|Any CPU
	EndGlobalSection
	GlobalSection(ProjectConfigurationPlatforms) = postSolution
		{0F9C0D78-C867-4625-A2EA-C8D38F5D90B5}.Debug|Any CPU.ActiveCfg = Debug|Any CPU
		{0F9C0D78-C867-4625-A2EA-C8D38F5D90B5}.Debug|Any CPU.Build.0 = Debug|Any CPU
		{0F9C0D78-C867-4625-A2EA-C8D38F5D90B5}.Release|Any CPU.ActiveCfg = Release|Any CPU
		{0F9C0D78-C867-4625-A2EA-C8D38F5D90B5}.Release|Any CPU.Build.0 = Release|Any CPU
		{F02E1282-4C99-4F18-8860-22A3DCF0D32D}.Debug|Any CPU.ActiveCfg = Debug|Any CPU
		{F02E1282-4C99-4F18-8860-22A3DCF0D32D}.Debug|Any CPU.Build.0 = Debug|Any CPU
		{F02E1282-4C99-4F18-8860-22A3DCF0D32D}.Release|Any CPU.ActiveCfg = Release|Any CPU
		{F02E1282-4C99-4F18-8860-22A3DCF0D32D}.Release|Any CPU.Build.0 = Release|Any CPU
	EndGlobalSection
	GlobalSection(SolutionProperties) = preSolution
		HideSolutionNode = FALSE
	EndGlobalSection
	GlobalSection(ExtensibilityGlobals) = postSolution
		SolutionGuid = {6B9313DF-98B0-41C9-9D91-10EF40B17487}
	EndGlobalSection
EndGlobal
