
Microsoft Visual Studio Solution File, Format Version 12.00
# Visual Studio Version 16
VisualStudioVersion = 16.0.30114.105
MinimumVisualStudioVersion = 10.0.40219.1
Project("{2150E333-8FDC-42A3-9474-1A3956D46DE8}") = "ApiGateway", "ApiGateway", "{799E6849-624C-4FD6-9257-941C4A0D1314}"
EndProject
Project("{FAE04EC0-301F-11D3-BF4B-00C04F79EFBC}") = "ApiGateway", "ApiGateway\ApiGateway\ApiGateway.csproj", "{156FF102-C89B-4BAA-9FFF-12B4F375CE7F}"
EndProject
Project("{FAE04EC0-301F-11D3-BF4B-00C04F79EFBC}") = "Aggregator", "ApiGateway\Aggregator\Aggregator.csproj", "{B64C122E-656A-42D8-8AA7-FEE5DCAFC192}"
EndProject
Project("{2150E333-8FDC-42A3-9474-1A3956D46DE8}") = "Article", "Article", "{9FA147DC-51A7-4177-A77A-D0A56CCDF6D5}"
EndProject
Project("{FAE04EC0-301F-11D3-BF4B-00C04F79EFBC}") = "Article.API", "Article\Article.API\Article.API.csproj", "{47AE9F65-BBA7-46A0-9B5E-1548D85B6F3E}"
EndProject
Project("{FAE04EC0-301F-11D3-BF4B-00C04F79EFBC}") = "Article.BLL", "Article\Article.BLL\Article.BLL.csproj", "{F9387E27-C0CD-4037-ACE6-59FF6B6E3702}"
EndProject
Project("{FAE04EC0-301F-11D3-BF4B-00C04F79EFBC}") = "Article.DAL", "Article\Article.DAL\Article.DAL.csproj", "{DB0FF455-3187-4A15-9C5C-D221CAED4BE0}"
EndProject
Project("{2150E333-8FDC-42A3-9474-1A3956D46DE8}") = "Bookmark", "Bookmark", "{20B51E3A-CB49-4246-A0FA-AABC1C96BCA1}"
EndProject
Project("{FAE04EC0-301F-11D3-BF4B-00C04F79EFBC}") = "Bookmark.API", "Bookmark\Bookmark.API\Bookmark.API.csproj", "{3CF2DCDB-E6B3-4DAE-BB6E-DE2F1079B55A}"
EndProject
Project("{FAE04EC0-301F-11D3-BF4B-00C04F79EFBC}") = "Bookmark.BLL", "Bookmark\Bookmark.BLL\Bookmark.BLL.csproj", "{BA497C7D-96B1-44B4-9973-8F3A102C6485}"
EndProject
Project("{FAE04EC0-301F-11D3-BF4B-00C04F79EFBC}") = "Bookmark.DAL", "Bookmark\Bookmark.DAL\Bookmark.DAL.csproj", "{23CAC81C-16D5-4A7C-8687-BC0125733FC0}"
EndProject
Project("{2150E333-8FDC-42A3-9474-1A3956D46DE8}") = "Comment", "Comment", "{A5A84275-AC39-42D1-80A1-0599A3A8797A}"
EndProject
Project("{FAE04EC0-301F-11D3-BF4B-00C04F79EFBC}") = "Comment.API", "Comment\Comment.API\Comment.API.csproj", "{BC07E82F-02A6-4094-85D5-2D42DF47B217}"
EndProject
Project("{FAE04EC0-301F-11D3-BF4B-00C04F79EFBC}") = "Comment.BLL", "Comment\Comment.BLL\Comment.BLL.csproj", "{38B5939B-5F69-460A-89D3-A639CD3C9439}"
EndProject
Project("{FAE04EC0-301F-11D3-BF4B-00C04F79EFBC}") = "Comment.DAL", "Comment\Comment.DAL\Comment.DAL.csproj", "{165626CC-9B1D-40BA-8854-AD08463F1B16}"
EndProject
Project("{2150E333-8FDC-42A3-9474-1A3956D46DE8}") = "FileStorage", "FileStorage", "{67C07B54-6630-4010-9DF8-3552D496DDF1}"
EndProject
Project("{FAE04EC0-301F-11D3-BF4B-00C04F79EFBC}") = "FileStorage.API", "FileStorage\FileStorage.API\FileStorage.API.csproj", "{646E66C2-5D4E-48BD-866F-D02F15C54032}"
EndProject
Project("{FAE04EC0-301F-11D3-BF4B-00C04F79EFBC}") = "FileStorage.BLL", "FileStorage\FileStorage.BLL\FileStorage.BLL.csproj", "{097FB46D-B089-48DC-A255-AF15791F40F4}"
EndProject
Project("{FAE04EC0-301F-11D3-BF4B-00C04F79EFBC}") = "FileStorage.DAL", "FileStorage\FileStorage.DAL\FileStorage.DAL.csproj", "{CBF4C429-C3BE-4052-B626-50A16FED9623}"
EndProject
Project("{2150E333-8FDC-42A3-9474-1A3956D46DE8}") = "Identity", "Identity", "{550E0F91-F45E-423B-BB67-8F3554C46D66}"
EndProject
Project("{FAE04EC0-301F-11D3-BF4B-00C04F79EFBC}") = "Identity.API", "Identity\Identity.API\Identity.API.csproj", "{3ACA395A-BE27-4C73-A6A8-309108D9AE3A}"
EndProject
Project("{2150E333-8FDC-42A3-9474-1A3956D46DE8}") = "ImageAlbum", "ImageAlbum", "{89AEB577-9A89-4799-A910-9F7355A0FBA4}"
EndProject
Project("{FAE04EC0-301F-11D3-BF4B-00C04F79EFBC}") = "ImageAlbum.API", "ImageAlbum\ImageAlbum.API\ImageAlbum.API.csproj", "{05080B3B-C555-4797-84A9-14233356E09C}"
EndProject
Project("{FAE04EC0-301F-11D3-BF4B-00C04F79EFBC}") = "ImageAlbum.Application", "ImageAlbum\ImageAlbum.Application\ImageAlbum.Application.csproj", "{1B91B7C8-C94C-4FAB-B814-F3BF677041F8}"
EndProject
Project("{FAE04EC0-301F-11D3-BF4B-00C04F79EFBC}") = "ImageAlbum.Domain", "ImageAlbum\ImageAlbum.Domain\ImageAlbum.Domain.csproj", "{E5B3D47F-E43E-4CAF-B1F9-B8D0EE9351CF}"
EndProject
Project("{FAE04EC0-301F-11D3-BF4B-00C04F79EFBC}") = "ImageAlbum.Infrastructure", "ImageAlbum\ImageAlbum.Infrastructure\ImageAlbum.Infrastructure.csproj", "{1F1D40D1-AE95-4863-BFB3-35829343BBB0}"
EndProject
Project("{2150E333-8FDC-42A3-9474-1A3956D46DE8}") = "Posts", "Posts", "{64A631CE-1084-444C-98C1-CA4A2169DEA4}"
EndProject
Project("{FAE04EC0-301F-11D3-BF4B-00C04F79EFBC}") = "Posts.API", "Posts\Posts.API\Posts.API.csproj", "{6FA71D54-BCC3-4835-9551-8463CD1EDC19}"
EndProject
Project("{FAE04EC0-301F-11D3-BF4B-00C04F79EFBC}") = "Posts.BLL", "Posts\Posts.BLL\Posts.BLL.csproj", "{0BDB3E57-CA88-45AB-B154-26D3F829B56D}"
EndProject
Project("{FAE04EC0-301F-11D3-BF4B-00C04F79EFBC}") = "Posts.DAL", "Posts\Posts.DAL\Posts.DAL.csproj", "{2AEDA444-8677-484A-ADB8-CF5985861394}"
EndProject
Project("{2150E333-8FDC-42A3-9474-1A3956D46DE8}") = "User", "User", "{3146BD5A-3091-480B-96C9-F1EC8EF6FB54}"
EndProject
Project("{FAE04EC0-301F-11D3-BF4B-00C04F79EFBC}") = "User.API", "User\User.API\User.API.csproj", "{B3971062-6C1C-4AFD-9360-F2F7C54D0DC3}"
EndProject
Project("{FAE04EC0-301F-11D3-BF4B-00C04F79EFBC}") = "User.Application", "User\User.Application\User.Application.csproj", "{0181B981-C169-4DBC-B098-E89EEA2EDC31}"
EndProject
Project("{FAE04EC0-301F-11D3-BF4B-00C04F79EFBC}") = "User.Domain", "User\User.Domain\User.Domain.csproj", "{C5705EB5-85A8-4CBA-A537-B58A10E60ADB}"
EndProject
Project("{FAE04EC0-301F-11D3-BF4B-00C04F79EFBC}") = "User.Infrastructure", "User\User.Infrastructure\User.Infrastructure.csproj", "{7D4C05F0-6520-41E1-B4BB-8E6D0B9594E4}"
EndProject
Project("{2150E333-8FDC-42A3-9474-1A3956D46DE8}") = "Feed", "Feed", "{43EC815B-C934-47A2-86FB-23A94CFFA8D1}"
EndProject
Project("{FAE04EC0-301F-11D3-BF4B-00C04F79EFBC}") = "Feed.API", "Feed\Feed.API\Feed.API.csproj", "{A308135B-5B8A-4D80-92EF-4F812933EFBF}"
EndProject
Project("{2150E333-8FDC-42A3-9474-1A3956D46DE8}") = "LichtDataPack", "LichtDataPack", "{7F772AE8-DC50-45C4-A71E-2F512CBCF0D9}"
EndProject
Project("{FAE04EC0-301F-11D3-BF4B-00C04F79EFBC}") = "LichtDataPack", "LichtDataPack\LichtDataPack\LichtDataPack.csproj", "{C4BE245F-46F4-4AC4-9F8E-85B9248779B5}"
EndProject
Global
	GlobalSection(SolutionConfigurationPlatforms) = preSolution
		Debug|Any CPU = Debug|Any CPU
		Release|Any CPU = Release|Any CPU
	EndGlobalSection
	GlobalSection(SolutionProperties) = preSolution
		HideSolutionNode = FALSE
	EndGlobalSection
	GlobalSection(ProjectConfigurationPlatforms) = postSolution
		{156FF102-C89B-4BAA-9FFF-12B4F375CE7F}.Debug|Any CPU.ActiveCfg = Debug|Any CPU
		{156FF102-C89B-4BAA-9FFF-12B4F375CE7F}.Debug|Any CPU.Build.0 = Debug|Any CPU
		{156FF102-C89B-4BAA-9FFF-12B4F375CE7F}.Release|Any CPU.ActiveCfg = Release|Any CPU
		{156FF102-C89B-4BAA-9FFF-12B4F375CE7F}.Release|Any CPU.Build.0 = Release|Any CPU
		{B64C122E-656A-42D8-8AA7-FEE5DCAFC192}.Debug|Any CPU.ActiveCfg = Debug|Any CPU
		{B64C122E-656A-42D8-8AA7-FEE5DCAFC192}.Debug|Any CPU.Build.0 = Debug|Any CPU
		{B64C122E-656A-42D8-8AA7-FEE5DCAFC192}.Release|Any CPU.ActiveCfg = Release|Any CPU
		{B64C122E-656A-42D8-8AA7-FEE5DCAFC192}.Release|Any CPU.Build.0 = Release|Any CPU
		{47AE9F65-BBA7-46A0-9B5E-1548D85B6F3E}.Debug|Any CPU.ActiveCfg = Debug|Any CPU
		{47AE9F65-BBA7-46A0-9B5E-1548D85B6F3E}.Debug|Any CPU.Build.0 = Debug|Any CPU
		{47AE9F65-BBA7-46A0-9B5E-1548D85B6F3E}.Release|Any CPU.ActiveCfg = Release|Any CPU
		{47AE9F65-BBA7-46A0-9B5E-1548D85B6F3E}.Release|Any CPU.Build.0 = Release|Any CPU
		{F9387E27-C0CD-4037-ACE6-59FF6B6E3702}.Debug|Any CPU.ActiveCfg = Debug|Any CPU
		{F9387E27-C0CD-4037-ACE6-59FF6B6E3702}.Debug|Any CPU.Build.0 = Debug|Any CPU
		{F9387E27-C0CD-4037-ACE6-59FF6B6E3702}.Release|Any CPU.ActiveCfg = Release|Any CPU
		{F9387E27-C0CD-4037-ACE6-59FF6B6E3702}.Release|Any CPU.Build.0 = Release|Any CPU
		{DB0FF455-3187-4A15-9C5C-D221CAED4BE0}.Debug|Any CPU.ActiveCfg = Debug|Any CPU
		{DB0FF455-3187-4A15-9C5C-D221CAED4BE0}.Debug|Any CPU.Build.0 = Debug|Any CPU
		{DB0FF455-3187-4A15-9C5C-D221CAED4BE0}.Release|Any CPU.ActiveCfg = Release|Any CPU
		{DB0FF455-3187-4A15-9C5C-D221CAED4BE0}.Release|Any CPU.Build.0 = Release|Any CPU
		{3CF2DCDB-E6B3-4DAE-BB6E-DE2F1079B55A}.Debug|Any CPU.ActiveCfg = Debug|Any CPU
		{3CF2DCDB-E6B3-4DAE-BB6E-DE2F1079B55A}.Debug|Any CPU.Build.0 = Debug|Any CPU
		{3CF2DCDB-E6B3-4DAE-BB6E-DE2F1079B55A}.Release|Any CPU.ActiveCfg = Release|Any CPU
		{3CF2DCDB-E6B3-4DAE-BB6E-DE2F1079B55A}.Release|Any CPU.Build.0 = Release|Any CPU
		{BA497C7D-96B1-44B4-9973-8F3A102C6485}.Debug|Any CPU.ActiveCfg = Debug|Any CPU
		{BA497C7D-96B1-44B4-9973-8F3A102C6485}.Debug|Any CPU.Build.0 = Debug|Any CPU
		{BA497C7D-96B1-44B4-9973-8F3A102C6485}.Release|Any CPU.ActiveCfg = Release|Any CPU
		{BA497C7D-96B1-44B4-9973-8F3A102C6485}.Release|Any CPU.Build.0 = Release|Any CPU
		{23CAC81C-16D5-4A7C-8687-BC0125733FC0}.Debug|Any CPU.ActiveCfg = Debug|Any CPU
		{23CAC81C-16D5-4A7C-8687-BC0125733FC0}.Debug|Any CPU.Build.0 = Debug|Any CPU
		{23CAC81C-16D5-4A7C-8687-BC0125733FC0}.Release|Any CPU.ActiveCfg = Release|Any CPU
		{23CAC81C-16D5-4A7C-8687-BC0125733FC0}.Release|Any CPU.Build.0 = Release|Any CPU
		{BC07E82F-02A6-4094-85D5-2D42DF47B217}.Debug|Any CPU.ActiveCfg = Debug|Any CPU
		{BC07E82F-02A6-4094-85D5-2D42DF47B217}.Debug|Any CPU.Build.0 = Debug|Any CPU
		{BC07E82F-02A6-4094-85D5-2D42DF47B217}.Release|Any CPU.ActiveCfg = Release|Any CPU
		{BC07E82F-02A6-4094-85D5-2D42DF47B217}.Release|Any CPU.Build.0 = Release|Any CPU
		{38B5939B-5F69-460A-89D3-A639CD3C9439}.Debug|Any CPU.ActiveCfg = Debug|Any CPU
		{38B5939B-5F69-460A-89D3-A639CD3C9439}.Debug|Any CPU.Build.0 = Debug|Any CPU
		{38B5939B-5F69-460A-89D3-A639CD3C9439}.Release|Any CPU.ActiveCfg = Release|Any CPU
		{38B5939B-5F69-460A-89D3-A639CD3C9439}.Release|Any CPU.Build.0 = Release|Any CPU
		{165626CC-9B1D-40BA-8854-AD08463F1B16}.Debug|Any CPU.ActiveCfg = Debug|Any CPU
		{165626CC-9B1D-40BA-8854-AD08463F1B16}.Debug|Any CPU.Build.0 = Debug|Any CPU
		{165626CC-9B1D-40BA-8854-AD08463F1B16}.Release|Any CPU.ActiveCfg = Release|Any CPU
		{165626CC-9B1D-40BA-8854-AD08463F1B16}.Release|Any CPU.Build.0 = Release|Any CPU
		{646E66C2-5D4E-48BD-866F-D02F15C54032}.Debug|Any CPU.ActiveCfg = Debug|Any CPU
		{646E66C2-5D4E-48BD-866F-D02F15C54032}.Debug|Any CPU.Build.0 = Debug|Any CPU
		{646E66C2-5D4E-48BD-866F-D02F15C54032}.Release|Any CPU.ActiveCfg = Release|Any CPU
		{646E66C2-5D4E-48BD-866F-D02F15C54032}.Release|Any CPU.Build.0 = Release|Any CPU
		{097FB46D-B089-48DC-A255-AF15791F40F4}.Debug|Any CPU.ActiveCfg = Debug|Any CPU
		{097FB46D-B089-48DC-A255-AF15791F40F4}.Debug|Any CPU.Build.0 = Debug|Any CPU
		{097FB46D-B089-48DC-A255-AF15791F40F4}.Release|Any CPU.ActiveCfg = Release|Any CPU
		{097FB46D-B089-48DC-A255-AF15791F40F4}.Release|Any CPU.Build.0 = Release|Any CPU
		{CBF4C429-C3BE-4052-B626-50A16FED9623}.Debug|Any CPU.ActiveCfg = Debug|Any CPU
		{CBF4C429-C3BE-4052-B626-50A16FED9623}.Debug|Any CPU.Build.0 = Debug|Any CPU
		{CBF4C429-C3BE-4052-B626-50A16FED9623}.Release|Any CPU.ActiveCfg = Release|Any CPU
		{CBF4C429-C3BE-4052-B626-50A16FED9623}.Release|Any CPU.Build.0 = Release|Any CPU
		{3ACA395A-BE27-4C73-A6A8-309108D9AE3A}.Debug|Any CPU.ActiveCfg = Debug|Any CPU
		{3ACA395A-BE27-4C73-A6A8-309108D9AE3A}.Debug|Any CPU.Build.0 = Debug|Any CPU
		{3ACA395A-BE27-4C73-A6A8-309108D9AE3A}.Release|Any CPU.ActiveCfg = Release|Any CPU
		{3ACA395A-BE27-4C73-A6A8-309108D9AE3A}.Release|Any CPU.Build.0 = Release|Any CPU
		{05080B3B-C555-4797-84A9-14233356E09C}.Debug|Any CPU.ActiveCfg = Debug|Any CPU
		{05080B3B-C555-4797-84A9-14233356E09C}.Debug|Any CPU.Build.0 = Debug|Any CPU
		{05080B3B-C555-4797-84A9-14233356E09C}.Release|Any CPU.ActiveCfg = Release|Any CPU
		{05080B3B-C555-4797-84A9-14233356E09C}.Release|Any CPU.Build.0 = Release|Any CPU
		{1B91B7C8-C94C-4FAB-B814-F3BF677041F8}.Debug|Any CPU.ActiveCfg = Debug|Any CPU
		{1B91B7C8-C94C-4FAB-B814-F3BF677041F8}.Debug|Any CPU.Build.0 = Debug|Any CPU
		{1B91B7C8-C94C-4FAB-B814-F3BF677041F8}.Release|Any CPU.ActiveCfg = Release|Any CPU
		{1B91B7C8-C94C-4FAB-B814-F3BF677041F8}.Release|Any CPU.Build.0 = Release|Any CPU
		{E5B3D47F-E43E-4CAF-B1F9-B8D0EE9351CF}.Debug|Any CPU.ActiveCfg = Debug|Any CPU
		{E5B3D47F-E43E-4CAF-B1F9-B8D0EE9351CF}.Debug|Any CPU.Build.0 = Debug|Any CPU
		{E5B3D47F-E43E-4CAF-B1F9-B8D0EE9351CF}.Release|Any CPU.ActiveCfg = Release|Any CPU
		{E5B3D47F-E43E-4CAF-B1F9-B8D0EE9351CF}.Release|Any CPU.Build.0 = Release|Any CPU
		{1F1D40D1-AE95-4863-BFB3-35829343BBB0}.Debug|Any CPU.ActiveCfg = Debug|Any CPU
		{1F1D40D1-AE95-4863-BFB3-35829343BBB0}.Debug|Any CPU.Build.0 = Debug|Any CPU
		{1F1D40D1-AE95-4863-BFB3-35829343BBB0}.Release|Any CPU.ActiveCfg = Release|Any CPU
		{1F1D40D1-AE95-4863-BFB3-35829343BBB0}.Release|Any CPU.Build.0 = Release|Any CPU
		{6FA71D54-BCC3-4835-9551-8463CD1EDC19}.Debug|Any CPU.ActiveCfg = Debug|Any CPU
		{6FA71D54-BCC3-4835-9551-8463CD1EDC19}.Debug|Any CPU.Build.0 = Debug|Any CPU
		{6FA71D54-BCC3-4835-9551-8463CD1EDC19}.Release|Any CPU.ActiveCfg = Release|Any CPU
		{6FA71D54-BCC3-4835-9551-8463CD1EDC19}.Release|Any CPU.Build.0 = Release|Any CPU
		{0BDB3E57-CA88-45AB-B154-26D3F829B56D}.Debug|Any CPU.ActiveCfg = Debug|Any CPU
		{0BDB3E57-CA88-45AB-B154-26D3F829B56D}.Debug|Any CPU.Build.0 = Debug|Any CPU
		{0BDB3E57-CA88-45AB-B154-26D3F829B56D}.Release|Any CPU.ActiveCfg = Release|Any CPU
		{0BDB3E57-CA88-45AB-B154-26D3F829B56D}.Release|Any CPU.Build.0 = Release|Any CPU
		{2AEDA444-8677-484A-ADB8-CF5985861394}.Debug|Any CPU.ActiveCfg = Debug|Any CPU
		{2AEDA444-8677-484A-ADB8-CF5985861394}.Debug|Any CPU.Build.0 = Debug|Any CPU
		{2AEDA444-8677-484A-ADB8-CF5985861394}.Release|Any CPU.ActiveCfg = Release|Any CPU
		{2AEDA444-8677-484A-ADB8-CF5985861394}.Release|Any CPU.Build.0 = Release|Any CPU
		{B3971062-6C1C-4AFD-9360-F2F7C54D0DC3}.Debug|Any CPU.ActiveCfg = Debug|Any CPU
		{B3971062-6C1C-4AFD-9360-F2F7C54D0DC3}.Debug|Any CPU.Build.0 = Debug|Any CPU
		{B3971062-6C1C-4AFD-9360-F2F7C54D0DC3}.Release|Any CPU.ActiveCfg = Release|Any CPU
		{B3971062-6C1C-4AFD-9360-F2F7C54D0DC3}.Release|Any CPU.Build.0 = Release|Any CPU
		{0181B981-C169-4DBC-B098-E89EEA2EDC31}.Debug|Any CPU.ActiveCfg = Debug|Any CPU
		{0181B981-C169-4DBC-B098-E89EEA2EDC31}.Debug|Any CPU.Build.0 = Debug|Any CPU
		{0181B981-C169-4DBC-B098-E89EEA2EDC31}.Release|Any CPU.ActiveCfg = Release|Any CPU
		{0181B981-C169-4DBC-B098-E89EEA2EDC31}.Release|Any CPU.Build.0 = Release|Any CPU
		{C5705EB5-85A8-4CBA-A537-B58A10E60ADB}.Debug|Any CPU.ActiveCfg = Debug|Any CPU
		{C5705EB5-85A8-4CBA-A537-B58A10E60ADB}.Debug|Any CPU.Build.0 = Debug|Any CPU
		{C5705EB5-85A8-4CBA-A537-B58A10E60ADB}.Release|Any CPU.ActiveCfg = Release|Any CPU
		{C5705EB5-85A8-4CBA-A537-B58A10E60ADB}.Release|Any CPU.Build.0 = Release|Any CPU
		{7D4C05F0-6520-41E1-B4BB-8E6D0B9594E4}.Debug|Any CPU.ActiveCfg = Debug|Any CPU
		{7D4C05F0-6520-41E1-B4BB-8E6D0B9594E4}.Debug|Any CPU.Build.0 = Debug|Any CPU
		{7D4C05F0-6520-41E1-B4BB-8E6D0B9594E4}.Release|Any CPU.ActiveCfg = Release|Any CPU
		{7D4C05F0-6520-41E1-B4BB-8E6D0B9594E4}.Release|Any CPU.Build.0 = Release|Any CPU
		{A308135B-5B8A-4D80-92EF-4F812933EFBF}.Debug|Any CPU.ActiveCfg = Debug|Any CPU
		{A308135B-5B8A-4D80-92EF-4F812933EFBF}.Debug|Any CPU.Build.0 = Debug|Any CPU
		{A308135B-5B8A-4D80-92EF-4F812933EFBF}.Release|Any CPU.ActiveCfg = Release|Any CPU
		{A308135B-5B8A-4D80-92EF-4F812933EFBF}.Release|Any CPU.Build.0 = Release|Any CPU
		{C4BE245F-46F4-4AC4-9F8E-85B9248779B5}.Debug|Any CPU.ActiveCfg = Debug|Any CPU
		{C4BE245F-46F4-4AC4-9F8E-85B9248779B5}.Debug|Any CPU.Build.0 = Debug|Any CPU
		{C4BE245F-46F4-4AC4-9F8E-85B9248779B5}.Release|Any CPU.ActiveCfg = Release|Any CPU
		{C4BE245F-46F4-4AC4-9F8E-85B9248779B5}.Release|Any CPU.Build.0 = Release|Any CPU
	EndGlobalSection
	GlobalSection(NestedProjects) = preSolution
		{156FF102-C89B-4BAA-9FFF-12B4F375CE7F} = {799E6849-624C-4FD6-9257-941C4A0D1314}
		{B64C122E-656A-42D8-8AA7-FEE5DCAFC192} = {799E6849-624C-4FD6-9257-941C4A0D1314}
		{47AE9F65-BBA7-46A0-9B5E-1548D85B6F3E} = {9FA147DC-51A7-4177-A77A-D0A56CCDF6D5}
		{F9387E27-C0CD-4037-ACE6-59FF6B6E3702} = {9FA147DC-51A7-4177-A77A-D0A56CCDF6D5}
		{DB0FF455-3187-4A15-9C5C-D221CAED4BE0} = {9FA147DC-51A7-4177-A77A-D0A56CCDF6D5}
		{3CF2DCDB-E6B3-4DAE-BB6E-DE2F1079B55A} = {20B51E3A-CB49-4246-A0FA-AABC1C96BCA1}
		{BA497C7D-96B1-44B4-9973-8F3A102C6485} = {20B51E3A-CB49-4246-A0FA-AABC1C96BCA1}
		{23CAC81C-16D5-4A7C-8687-BC0125733FC0} = {20B51E3A-CB49-4246-A0FA-AABC1C96BCA1}
		{BC07E82F-02A6-4094-85D5-2D42DF47B217} = {A5A84275-AC39-42D1-80A1-0599A3A8797A}
		{38B5939B-5F69-460A-89D3-A639CD3C9439} = {A5A84275-AC39-42D1-80A1-0599A3A8797A}
		{165626CC-9B1D-40BA-8854-AD08463F1B16} = {A5A84275-AC39-42D1-80A1-0599A3A8797A}
		{646E66C2-5D4E-48BD-866F-D02F15C54032} = {67C07B54-6630-4010-9DF8-3552D496DDF1}
		{097FB46D-B089-48DC-A255-AF15791F40F4} = {67C07B54-6630-4010-9DF8-3552D496DDF1}
		{CBF4C429-C3BE-4052-B626-50A16FED9623} = {67C07B54-6630-4010-9DF8-3552D496DDF1}
		{3ACA395A-BE27-4C73-A6A8-309108D9AE3A} = {550E0F91-F45E-423B-BB67-8F3554C46D66}
		{05080B3B-C555-4797-84A9-14233356E09C} = {89AEB577-9A89-4799-A910-9F7355A0FBA4}
		{1B91B7C8-C94C-4FAB-B814-F3BF677041F8} = {89AEB577-9A89-4799-A910-9F7355A0FBA4}
		{E5B3D47F-E43E-4CAF-B1F9-B8D0EE9351CF} = {89AEB577-9A89-4799-A910-9F7355A0FBA4}
		{1F1D40D1-AE95-4863-BFB3-35829343BBB0} = {89AEB577-9A89-4799-A910-9F7355A0FBA4}
		{6FA71D54-BCC3-4835-9551-8463CD1EDC19} = {64A631CE-1084-444C-98C1-CA4A2169DEA4}
		{0BDB3E57-CA88-45AB-B154-26D3F829B56D} = {64A631CE-1084-444C-98C1-CA4A2169DEA4}
		{2AEDA444-8677-484A-ADB8-CF5985861394} = {64A631CE-1084-444C-98C1-CA4A2169DEA4}
		{B3971062-6C1C-4AFD-9360-F2F7C54D0DC3} = {3146BD5A-3091-480B-96C9-F1EC8EF6FB54}
		{0181B981-C169-4DBC-B098-E89EEA2EDC31} = {3146BD5A-3091-480B-96C9-F1EC8EF6FB54}
		{C5705EB5-85A8-4CBA-A537-B58A10E60ADB} = {3146BD5A-3091-480B-96C9-F1EC8EF6FB54}
		{7D4C05F0-6520-41E1-B4BB-8E6D0B9594E4} = {3146BD5A-3091-480B-96C9-F1EC8EF6FB54}
		{A308135B-5B8A-4D80-92EF-4F812933EFBF} = {43EC815B-C934-47A2-86FB-23A94CFFA8D1}
		{C4BE245F-46F4-4AC4-9F8E-85B9248779B5} = {7F772AE8-DC50-45C4-A71E-2F512CBCF0D9}
	EndGlobalSection
EndGlobal
